
Microsoft Visual Studio Solution File, Format Version 12.00
# Visual Studio Version 17
VisualStudioVersion = 17.0.32014.148
MinimumVisualStudioVersion = 10.0.40219.1
Project("{FAE04EC0-301F-11D3-BF4B-00C04F79EFBC}") = "SearchApp", "SearchApp\SearchApp.csproj", "{88EB350D-E7A8-4D67-8121-DA3A6CC71E73}"
EndProject
Project("{FAE04EC0-301F-11D3-BF4B-00C04F79EFBC}") = "SearchAppTests", "SearchAppTests\SearchAppTests.csproj", "{7B0A4CDA-6E32-462B-8422-DADB37C1C954}"
EndProject
Global
	GlobalSection(SolutionConfigurationPlatforms) = preSolution
		Debug|Any CPU = Debug|Any CPU
		Release|Any CPU = Release|Any CPU
	EndGlobalSection
	GlobalSection(ProjectConfigurationPlatforms) = postSolution
		{88EB350D-E7A8-4D67-8121-DA3A6CC71E73}.Debug|Any CPU.ActiveCfg = Debug|Any CPU
		{88EB350D-E7A8-4D67-8121-DA3A6CC71E73}.Debug|Any CPU.Build.0 = Debug|Any CPU
		{88EB350D-E7A8-4D67-8121-DA3A6CC71E73}.Release|Any CPU.ActiveCfg = Release|Any CPU
		{88EB350D-E7A8-4D67-8121-DA3A6CC71E73}.Release|Any CPU.Build.0 = Release|Any CPU
		{7B0A4CDA-6E32-462B-8422-DADB37C1C954}.Debug|Any CPU.ActiveCfg = Debug|Any CPU
		{7B0A4CDA-6E32-462B-8422-DADB37C1C954}.Debug|Any CPU.Build.0 = Debug|Any CPU
		{7B0A4CDA-6E32-462B-8422-DADB37C1C954}.Release|Any CPU.ActiveCfg = Release|Any CPU
		{7B0A4CDA-6E32-462B-8422-DADB37C1C954}.Release|Any CPU.Build.0 = Release|Any CPU
	EndGlobalSection
	GlobalSection(SolutionProperties) = preSolution
		HideSolutionNode = FALSE
	EndGlobalSection
	GlobalSection(ExtensibilityGlobals) = postSolution
		SolutionGuid = {950F198F-9EF5-44AD-A68B-76A9038445FB}
	EndGlobalSection
EndGlobal
